
Microsoft Visual Studio Solution File, Format Version 12.00
# Visual Studio 15
VisualStudioVersion = 15.0.27130.2026
MinimumVisualStudioVersion = 10.0.40219.1
Project("{9A19103F-16F7-4668-BE54-9A1E7A4F7556}") = "GW2NET.Core", "src\GW2NET.Core\GW2NET.Core.csproj", "{05F3D999-0470-4123-8C80-AF4AC2385E7C}"
EndProject
Project("{9A19103F-16F7-4668-BE54-9A1E7A4F7556}") = "GW2NET.Newtonsoft", "src\GW2NET.Newtonsoft\GW2NET.Newtonsoft.csproj", "{11BB8977-33FE-4789-BD5B-D977B0BF5ECF}"
EndProject
Project("{FAE04EC0-301F-11D3-BF4B-00C04F79EFBC}") = "GW2NET.MumbleLink", "src\GW2NET.MumbleLink\GW2NET.MumbleLink.csproj", "{190833B0-3E2E-4C89-9C29-BF577C02219B}"
EndProject
Project("{9A19103F-16F7-4668-BE54-9A1E7A4F7556}") = "GW2NET", "src\GW2NET\GW2NET.csproj", "{48C94F34-B6BD-4BDD-A0D5-36403A86FB78}"
EndProject
Project("{9A19103F-16F7-4668-BE54-9A1E7A4F7556}") = "GW2NET.Compression", "src\GW2NET.Compression\GW2NET.Compression.csproj", "{08D936E1-C097-4196-8128-C2493F8D7E47}"
EndProject
Project("{9A19103F-16F7-4668-BE54-9A1E7A4F7556}") = "GW2NET.V2.Worlds", "src\GW2NET.V2.Worlds\GW2NET.V2.Worlds.csproj", "{1D9EEE65-D035-4ACB-9F08-883A59331A6A}"
EndProject
Project("{9A19103F-16F7-4668-BE54-9A1E7A4F7556}") = "GW2NET.V2.Recipes", "src\GW2NET.V2.Recipes\GW2NET.V2.Recipes.csproj", "{55897753-F4B5-48D1-8A01-20D54AFDE7DD}"
EndProject
Project("{9A19103F-16F7-4668-BE54-9A1E7A4F7556}") = "GW2NET.V2.Items", "src\GW2NET.V2.Items\GW2NET.V2.Items.csproj", "{965994BE-F908-4D34-AF07-F8A6B527FFB7}"
EndProject
Project("{9A19103F-16F7-4668-BE54-9A1E7A4F7556}") = "GW2NET.V2.Quaggans", "src\GW2NET.V2.Quaggans\GW2NET.V2.Quaggans.csproj", "{1DE9B06C-24A1-497D-BFA9-65EB9E361C71}"
EndProject
Project("{9A19103F-16F7-4668-BE54-9A1E7A4F7556}") = "GW2NET.V2.Commerce.Exchange", "src\GW2NET.V2.Commerce.Exchange\GW2NET.V2.Commerce.Exchange.csproj", "{40A8F55C-97BC-4652-A60E-9F4EA5D49FDA}"
EndProject
Project("{9A19103F-16F7-4668-BE54-9A1E7A4F7556}") = "GW2NET.V2.Commerce.Listings", "src\GW2NET.V2.Commerce.Listings\GW2NET.V2.Commerce.Listings.csproj", "{CA6D86A9-F12E-45D4-A878-57F2714A0A51}"
EndProject
Project("{9A19103F-16F7-4668-BE54-9A1E7A4F7556}") = "GW2NET.V2.Commerce.Prices", "src\GW2NET.V2.Commerce.Prices\GW2NET.V2.Commerce.Prices.csproj", "{0F72000C-A997-471F-A353-5988828A5255}"
EndProject
Project("{9A19103F-16F7-4668-BE54-9A1E7A4F7556}") = "GW2NET.V2.Builds", "src\GW2NET.V2.Builds\GW2NET.V2.Builds.csproj", "{5F2C2514-10B0-4B5B-B227-EDD406377396}"
EndProject
Project("{9A19103F-16F7-4668-BE54-9A1E7A4F7556}") = "GW2NET.V2.Colors", "src\GW2NET.V2.Colors\GW2NET.V2.Colors.csproj", "{D5FD21BD-9D1F-4129-B3DD-FCDC0AFD0830}"
EndProject
Project("{9A19103F-16F7-4668-BE54-9A1E7A4F7556}") = "GW2NET.V2.Files", "src\GW2NET.V2.Files\GW2NET.V2.Files.csproj", "{7376BF02-3192-479B-82E8-EC0B15DA55C1}"
EndProject
Project("{9A19103F-16F7-4668-BE54-9A1E7A4F7556}") = "GW2NET.V2.Continents", "src\GW2NET.V2.Continents\GW2NET.V2.Continents.csproj", "{8991E557-F908-4FF4-9A3E-299869076887}"
EndProject
Project("{FAE04EC0-301F-11D3-BF4B-00C04F79EFBC}") = "GW2NET.V2.Skins", "src\GW2NET.V2.Skins\GW2NET.V2.Skins.csproj", "{9937ADF8-CEB8-48F2-9E12-C259CD454C17}"
EndProject
Project("{9A19103F-16F7-4668-BE54-9A1E7A4F7556}") = "GW2NET.V2.Maps", "src\GW2NET.V2.Maps\GW2NET.V2.Maps.csproj", "{E0048487-3E7F-4036-BC50-508AF4C321E2}"
EndProject
Project("{2150E333-8FDC-42A3-9474-1A3956D46DE8}") = "V2", "V2", "{5F6DDEF7-43FC-4A0C-8471-C61F2FAF00CF}"
EndProject
Project("{9A19103F-16F7-4668-BE54-9A1E7A4F7556}") = "GW2NET.V2.Accounts.Characters", "src\GW2NET.V2.Accounts.Characters\GW2NET.V2.Accounts.Characters.csproj", "{9D582BC4-D182-4373-A8D5-04607F4094B1}"
EndProject
Project("{9A19103F-16F7-4668-BE54-9A1E7A4F7556}") = "GW2NET.V2.Accounts", "src\GW2NET.V2.Account\GW2NET.V2.Accounts.csproj", "{2C83D314-3C3F-470B-A4CC-B6E3E1F48EA2}"
EndProject
Project("{2150E333-8FDC-42A3-9474-1A3956D46DE8}") = "Modules", "Modules", "{DC15FF50-B771-4A5D-8462-FD1F22AD8B9A}"
EndProject
Project("{9A19103F-16F7-4668-BE54-9A1E7A4F7556}") = "GW2NET.V2.WorldVersusWorld.Matches", "src\GW2NET.V2.WorldVersusWorld.Matches\GW2NET.V2.WorldVersusWorld.Matches.csproj", "{B42A3B69-96F0-4091-A9B2-58FE5319E51A}"
EndProject
Project("{9A19103F-16F7-4668-BE54-9A1E7A4F7556}") = "GW2NET.V2.WorldVersusWorld.Objectives", "src\GW2NET.V2.WorldVersusWorld.Objectives\GW2NET.V2.WorldVersusWorld.Objectives.csproj", "{8BD6A4E8-8E34-40E3-A828-7EF6C8A00FF2}"
EndProject
Project("{2150E333-8FDC-42A3-9474-1A3956D46DE8}") = "Solution Items", "Solution Items", "{DE87DF3C-C2AD-43E4-B88C-521A52D59CB1}"
	ProjectSection(SolutionItems) = preProject
		.gitattributes = .gitattributes
		.gitignore = .gitignore
		appveyor.yml = appveyor.yml
		GW2NET.ruleset = GW2NET.ruleset
		LICENSE = LICENSE
		NuGetPackEverything.ps1 = NuGetPackEverything.ps1
		README.md = README.md
		stylecop.json = stylecop.json
	EndProjectSection
EndProject
Project("{2150E333-8FDC-42A3-9474-1A3956D46DE8}") = "Src", "Src", "{D3000AAC-E00A-4BEE-A407-080DC8C2CB9E}"
EndProject
Project("{9A19103F-16F7-4668-BE54-9A1E7A4F7556}") = "GW2NET.V2.Guilds", "src\GW2NET.V2.Guilds\GW2NET.V2.Guilds.csproj", "{181B01F7-8083-4AF5-B9EA-A3135C4D666D}"
EndProject
Global
	GlobalSection(SolutionConfigurationPlatforms) = preSolution
		Benchmark|Any CPU = Benchmark|Any CPU
		Debug|Any CPU = Debug|Any CPU
		DebugCC|Any CPU = DebugCC|Any CPU
		Release|Any CPU = Release|Any CPU
	EndGlobalSection
	GlobalSection(ProjectConfigurationPlatforms) = postSolution
		{05F3D999-0470-4123-8C80-AF4AC2385E7C}.Benchmark|Any CPU.ActiveCfg = Release|Any CPU
		{05F3D999-0470-4123-8C80-AF4AC2385E7C}.Benchmark|Any CPU.Build.0 = Release|Any CPU
		{05F3D999-0470-4123-8C80-AF4AC2385E7C}.Debug|Any CPU.ActiveCfg = Debug|Any CPU
		{05F3D999-0470-4123-8C80-AF4AC2385E7C}.Debug|Any CPU.Build.0 = Debug|Any CPU
		{05F3D999-0470-4123-8C80-AF4AC2385E7C}.DebugCC|Any CPU.ActiveCfg = Debug|Any CPU
		{05F3D999-0470-4123-8C80-AF4AC2385E7C}.DebugCC|Any CPU.Build.0 = Debug|Any CPU
		{05F3D999-0470-4123-8C80-AF4AC2385E7C}.Release|Any CPU.ActiveCfg = Release|Any CPU
		{05F3D999-0470-4123-8C80-AF4AC2385E7C}.Release|Any CPU.Build.0 = Release|Any CPU
		{11BB8977-33FE-4789-BD5B-D977B0BF5ECF}.Benchmark|Any CPU.ActiveCfg = Release|Any CPU
		{11BB8977-33FE-4789-BD5B-D977B0BF5ECF}.Benchmark|Any CPU.Build.0 = Release|Any CPU
		{11BB8977-33FE-4789-BD5B-D977B0BF5ECF}.Debug|Any CPU.ActiveCfg = Debug|Any CPU
		{11BB8977-33FE-4789-BD5B-D977B0BF5ECF}.Debug|Any CPU.Build.0 = Debug|Any CPU
		{11BB8977-33FE-4789-BD5B-D977B0BF5ECF}.DebugCC|Any CPU.ActiveCfg = Debug|Any CPU
		{11BB8977-33FE-4789-BD5B-D977B0BF5ECF}.DebugCC|Any CPU.Build.0 = Debug|Any CPU
		{11BB8977-33FE-4789-BD5B-D977B0BF5ECF}.Release|Any CPU.ActiveCfg = Release|Any CPU
		{11BB8977-33FE-4789-BD5B-D977B0BF5ECF}.Release|Any CPU.Build.0 = Release|Any CPU
		{190833B0-3E2E-4C89-9C29-BF577C02219B}.Benchmark|Any CPU.ActiveCfg = Release|Any CPU
		{190833B0-3E2E-4C89-9C29-BF577C02219B}.Benchmark|Any CPU.Build.0 = Release|Any CPU
		{190833B0-3E2E-4C89-9C29-BF577C02219B}.Debug|Any CPU.ActiveCfg = Debug|Any CPU
		{190833B0-3E2E-4C89-9C29-BF577C02219B}.Debug|Any CPU.Build.0 = Debug|Any CPU
		{190833B0-3E2E-4C89-9C29-BF577C02219B}.DebugCC|Any CPU.ActiveCfg = Debug|Any CPU
		{190833B0-3E2E-4C89-9C29-BF577C02219B}.DebugCC|Any CPU.Build.0 = Debug|Any CPU
		{190833B0-3E2E-4C89-9C29-BF577C02219B}.Release|Any CPU.ActiveCfg = Release|Any CPU
		{190833B0-3E2E-4C89-9C29-BF577C02219B}.Release|Any CPU.Build.0 = Release|Any CPU
		{48C94F34-B6BD-4BDD-A0D5-36403A86FB78}.Benchmark|Any CPU.ActiveCfg = Release|Any CPU
		{48C94F34-B6BD-4BDD-A0D5-36403A86FB78}.Benchmark|Any CPU.Build.0 = Release|Any CPU
		{48C94F34-B6BD-4BDD-A0D5-36403A86FB78}.Debug|Any CPU.ActiveCfg = Debug|Any CPU
		{48C94F34-B6BD-4BDD-A0D5-36403A86FB78}.Debug|Any CPU.Build.0 = Debug|Any CPU
		{48C94F34-B6BD-4BDD-A0D5-36403A86FB78}.DebugCC|Any CPU.ActiveCfg = Debug|Any CPU
		{48C94F34-B6BD-4BDD-A0D5-36403A86FB78}.DebugCC|Any CPU.Build.0 = Debug|Any CPU
		{48C94F34-B6BD-4BDD-A0D5-36403A86FB78}.Release|Any CPU.ActiveCfg = Release|Any CPU
		{48C94F34-B6BD-4BDD-A0D5-36403A86FB78}.Release|Any CPU.Build.0 = Release|Any CPU
		{08D936E1-C097-4196-8128-C2493F8D7E47}.Benchmark|Any CPU.ActiveCfg = Release|Any CPU
		{08D936E1-C097-4196-8128-C2493F8D7E47}.Benchmark|Any CPU.Build.0 = Release|Any CPU
		{08D936E1-C097-4196-8128-C2493F8D7E47}.Debug|Any CPU.ActiveCfg = Debug|Any CPU
		{08D936E1-C097-4196-8128-C2493F8D7E47}.Debug|Any CPU.Build.0 = Debug|Any CPU
		{08D936E1-C097-4196-8128-C2493F8D7E47}.DebugCC|Any CPU.ActiveCfg = Debug|Any CPU
		{08D936E1-C097-4196-8128-C2493F8D7E47}.DebugCC|Any CPU.Build.0 = Debug|Any CPU
		{08D936E1-C097-4196-8128-C2493F8D7E47}.Release|Any CPU.ActiveCfg = Release|Any CPU
		{08D936E1-C097-4196-8128-C2493F8D7E47}.Release|Any CPU.Build.0 = Release|Any CPU
		{1D9EEE65-D035-4ACB-9F08-883A59331A6A}.Benchmark|Any CPU.ActiveCfg = Release|Any CPU
		{1D9EEE65-D035-4ACB-9F08-883A59331A6A}.Benchmark|Any CPU.Build.0 = Release|Any CPU
		{1D9EEE65-D035-4ACB-9F08-883A59331A6A}.Debug|Any CPU.ActiveCfg = Debug|Any CPU
		{1D9EEE65-D035-4ACB-9F08-883A59331A6A}.Debug|Any CPU.Build.0 = Debug|Any CPU
		{1D9EEE65-D035-4ACB-9F08-883A59331A6A}.DebugCC|Any CPU.ActiveCfg = Debug|Any CPU
		{1D9EEE65-D035-4ACB-9F08-883A59331A6A}.DebugCC|Any CPU.Build.0 = Debug|Any CPU
		{1D9EEE65-D035-4ACB-9F08-883A59331A6A}.Release|Any CPU.ActiveCfg = Release|Any CPU
		{1D9EEE65-D035-4ACB-9F08-883A59331A6A}.Release|Any CPU.Build.0 = Release|Any CPU
		{55897753-F4B5-48D1-8A01-20D54AFDE7DD}.Benchmark|Any CPU.ActiveCfg = Release|Any CPU
		{55897753-F4B5-48D1-8A01-20D54AFDE7DD}.Benchmark|Any CPU.Build.0 = Release|Any CPU
		{55897753-F4B5-48D1-8A01-20D54AFDE7DD}.Debug|Any CPU.ActiveCfg = Debug|Any CPU
		{55897753-F4B5-48D1-8A01-20D54AFDE7DD}.Debug|Any CPU.Build.0 = Debug|Any CPU
		{55897753-F4B5-48D1-8A01-20D54AFDE7DD}.DebugCC|Any CPU.ActiveCfg = Debug|Any CPU
		{55897753-F4B5-48D1-8A01-20D54AFDE7DD}.DebugCC|Any CPU.Build.0 = Debug|Any CPU
		{55897753-F4B5-48D1-8A01-20D54AFDE7DD}.Release|Any CPU.ActiveCfg = Release|Any CPU
		{55897753-F4B5-48D1-8A01-20D54AFDE7DD}.Release|Any CPU.Build.0 = Release|Any CPU
		{965994BE-F908-4D34-AF07-F8A6B527FFB7}.Benchmark|Any CPU.ActiveCfg = Release|Any CPU
		{965994BE-F908-4D34-AF07-F8A6B527FFB7}.Benchmark|Any CPU.Build.0 = Release|Any CPU
		{965994BE-F908-4D34-AF07-F8A6B527FFB7}.Debug|Any CPU.ActiveCfg = Debug|Any CPU
		{965994BE-F908-4D34-AF07-F8A6B527FFB7}.Debug|Any CPU.Build.0 = Debug|Any CPU
		{965994BE-F908-4D34-AF07-F8A6B527FFB7}.DebugCC|Any CPU.ActiveCfg = Debug|Any CPU
		{965994BE-F908-4D34-AF07-F8A6B527FFB7}.DebugCC|Any CPU.Build.0 = Debug|Any CPU
		{965994BE-F908-4D34-AF07-F8A6B527FFB7}.Release|Any CPU.ActiveCfg = Release|Any CPU
		{965994BE-F908-4D34-AF07-F8A6B527FFB7}.Release|Any CPU.Build.0 = Release|Any CPU
		{1DE9B06C-24A1-497D-BFA9-65EB9E361C71}.Benchmark|Any CPU.ActiveCfg = Release|Any CPU
		{1DE9B06C-24A1-497D-BFA9-65EB9E361C71}.Benchmark|Any CPU.Build.0 = Release|Any CPU
		{1DE9B06C-24A1-497D-BFA9-65EB9E361C71}.Debug|Any CPU.ActiveCfg = Debug|Any CPU
		{1DE9B06C-24A1-497D-BFA9-65EB9E361C71}.Debug|Any CPU.Build.0 = Debug|Any CPU
		{1DE9B06C-24A1-497D-BFA9-65EB9E361C71}.DebugCC|Any CPU.ActiveCfg = Debug|Any CPU
		{1DE9B06C-24A1-497D-BFA9-65EB9E361C71}.DebugCC|Any CPU.Build.0 = Debug|Any CPU
		{1DE9B06C-24A1-497D-BFA9-65EB9E361C71}.Release|Any CPU.ActiveCfg = Release|Any CPU
		{1DE9B06C-24A1-497D-BFA9-65EB9E361C71}.Release|Any CPU.Build.0 = Release|Any CPU
		{40A8F55C-97BC-4652-A60E-9F4EA5D49FDA}.Benchmark|Any CPU.ActiveCfg = Release|Any CPU
		{40A8F55C-97BC-4652-A60E-9F4EA5D49FDA}.Benchmark|Any CPU.Build.0 = Release|Any CPU
		{40A8F55C-97BC-4652-A60E-9F4EA5D49FDA}.Debug|Any CPU.ActiveCfg = Debug|Any CPU
		{40A8F55C-97BC-4652-A60E-9F4EA5D49FDA}.Debug|Any CPU.Build.0 = Debug|Any CPU
		{40A8F55C-97BC-4652-A60E-9F4EA5D49FDA}.DebugCC|Any CPU.ActiveCfg = Debug|Any CPU
		{40A8F55C-97BC-4652-A60E-9F4EA5D49FDA}.DebugCC|Any CPU.Build.0 = Debug|Any CPU
		{40A8F55C-97BC-4652-A60E-9F4EA5D49FDA}.Release|Any CPU.ActiveCfg = Release|Any CPU
		{40A8F55C-97BC-4652-A60E-9F4EA5D49FDA}.Release|Any CPU.Build.0 = Release|Any CPU
		{CA6D86A9-F12E-45D4-A878-57F2714A0A51}.Benchmark|Any CPU.ActiveCfg = Release|Any CPU
		{CA6D86A9-F12E-45D4-A878-57F2714A0A51}.Benchmark|Any CPU.Build.0 = Release|Any CPU
		{CA6D86A9-F12E-45D4-A878-57F2714A0A51}.Debug|Any CPU.ActiveCfg = Debug|Any CPU
		{CA6D86A9-F12E-45D4-A878-57F2714A0A51}.Debug|Any CPU.Build.0 = Debug|Any CPU
		{CA6D86A9-F12E-45D4-A878-57F2714A0A51}.DebugCC|Any CPU.ActiveCfg = Debug|Any CPU
		{CA6D86A9-F12E-45D4-A878-57F2714A0A51}.DebugCC|Any CPU.Build.0 = Debug|Any CPU
		{CA6D86A9-F12E-45D4-A878-57F2714A0A51}.Release|Any CPU.ActiveCfg = Release|Any CPU
		{CA6D86A9-F12E-45D4-A878-57F2714A0A51}.Release|Any CPU.Build.0 = Release|Any CPU
		{0F72000C-A997-471F-A353-5988828A5255}.Benchmark|Any CPU.ActiveCfg = Release|Any CPU
		{0F72000C-A997-471F-A353-5988828A5255}.Benchmark|Any CPU.Build.0 = Release|Any CPU
		{0F72000C-A997-471F-A353-5988828A5255}.Debug|Any CPU.ActiveCfg = Debug|Any CPU
		{0F72000C-A997-471F-A353-5988828A5255}.Debug|Any CPU.Build.0 = Debug|Any CPU
		{0F72000C-A997-471F-A353-5988828A5255}.DebugCC|Any CPU.ActiveCfg = Debug|Any CPU
		{0F72000C-A997-471F-A353-5988828A5255}.DebugCC|Any CPU.Build.0 = Debug|Any CPU
		{0F72000C-A997-471F-A353-5988828A5255}.Release|Any CPU.ActiveCfg = Release|Any CPU
		{0F72000C-A997-471F-A353-5988828A5255}.Release|Any CPU.Build.0 = Release|Any CPU
		{5F2C2514-10B0-4B5B-B227-EDD406377396}.Benchmark|Any CPU.ActiveCfg = Release|Any CPU
		{5F2C2514-10B0-4B5B-B227-EDD406377396}.Benchmark|Any CPU.Build.0 = Release|Any CPU
		{5F2C2514-10B0-4B5B-B227-EDD406377396}.Debug|Any CPU.ActiveCfg = Debug|Any CPU
		{5F2C2514-10B0-4B5B-B227-EDD406377396}.Debug|Any CPU.Build.0 = Debug|Any CPU
		{5F2C2514-10B0-4B5B-B227-EDD406377396}.DebugCC|Any CPU.ActiveCfg = Debug|Any CPU
		{5F2C2514-10B0-4B5B-B227-EDD406377396}.DebugCC|Any CPU.Build.0 = Debug|Any CPU
		{5F2C2514-10B0-4B5B-B227-EDD406377396}.Release|Any CPU.ActiveCfg = Release|Any CPU
		{5F2C2514-10B0-4B5B-B227-EDD406377396}.Release|Any CPU.Build.0 = Release|Any CPU
		{D5FD21BD-9D1F-4129-B3DD-FCDC0AFD0830}.Benchmark|Any CPU.ActiveCfg = Release|Any CPU
		{D5FD21BD-9D1F-4129-B3DD-FCDC0AFD0830}.Benchmark|Any CPU.Build.0 = Release|Any CPU
		{D5FD21BD-9D1F-4129-B3DD-FCDC0AFD0830}.Debug|Any CPU.ActiveCfg = Debug|Any CPU
		{D5FD21BD-9D1F-4129-B3DD-FCDC0AFD0830}.Debug|Any CPU.Build.0 = Debug|Any CPU
		{D5FD21BD-9D1F-4129-B3DD-FCDC0AFD0830}.DebugCC|Any CPU.ActiveCfg = Debug|Any CPU
		{D5FD21BD-9D1F-4129-B3DD-FCDC0AFD0830}.DebugCC|Any CPU.Build.0 = Debug|Any CPU
		{D5FD21BD-9D1F-4129-B3DD-FCDC0AFD0830}.Release|Any CPU.ActiveCfg = Release|Any CPU
		{D5FD21BD-9D1F-4129-B3DD-FCDC0AFD0830}.Release|Any CPU.Build.0 = Release|Any CPU
		{7376BF02-3192-479B-82E8-EC0B15DA55C1}.Benchmark|Any CPU.ActiveCfg = Release|Any CPU
		{7376BF02-3192-479B-82E8-EC0B15DA55C1}.Benchmark|Any CPU.Build.0 = Release|Any CPU
		{7376BF02-3192-479B-82E8-EC0B15DA55C1}.Debug|Any CPU.ActiveCfg = Debug|Any CPU
		{7376BF02-3192-479B-82E8-EC0B15DA55C1}.Debug|Any CPU.Build.0 = Debug|Any CPU
		{7376BF02-3192-479B-82E8-EC0B15DA55C1}.DebugCC|Any CPU.ActiveCfg = Debug|Any CPU
		{7376BF02-3192-479B-82E8-EC0B15DA55C1}.DebugCC|Any CPU.Build.0 = Debug|Any CPU
		{7376BF02-3192-479B-82E8-EC0B15DA55C1}.Release|Any CPU.ActiveCfg = Release|Any CPU
		{7376BF02-3192-479B-82E8-EC0B15DA55C1}.Release|Any CPU.Build.0 = Release|Any CPU
		{8991E557-F908-4FF4-9A3E-299869076887}.Benchmark|Any CPU.ActiveCfg = Release|Any CPU
		{8991E557-F908-4FF4-9A3E-299869076887}.Benchmark|Any CPU.Build.0 = Release|Any CPU
		{8991E557-F908-4FF4-9A3E-299869076887}.Debug|Any CPU.ActiveCfg = Debug|Any CPU
		{8991E557-F908-4FF4-9A3E-299869076887}.Debug|Any CPU.Build.0 = Debug|Any CPU
		{8991E557-F908-4FF4-9A3E-299869076887}.DebugCC|Any CPU.ActiveCfg = Debug|Any CPU
		{8991E557-F908-4FF4-9A3E-299869076887}.DebugCC|Any CPU.Build.0 = Debug|Any CPU
		{8991E557-F908-4FF4-9A3E-299869076887}.Release|Any CPU.ActiveCfg = Release|Any CPU
		{8991E557-F908-4FF4-9A3E-299869076887}.Release|Any CPU.Build.0 = Release|Any CPU
		{9937ADF8-CEB8-48F2-9E12-C259CD454C17}.Benchmark|Any CPU.ActiveCfg = Release|Any CPU
		{9937ADF8-CEB8-48F2-9E12-C259CD454C17}.Benchmark|Any CPU.Build.0 = Release|Any CPU
		{9937ADF8-CEB8-48F2-9E12-C259CD454C17}.Debug|Any CPU.ActiveCfg = Debug|Any CPU
		{9937ADF8-CEB8-48F2-9E12-C259CD454C17}.Debug|Any CPU.Build.0 = Debug|Any CPU
		{9937ADF8-CEB8-48F2-9E12-C259CD454C17}.DebugCC|Any CPU.ActiveCfg = Debug|Any CPU
		{9937ADF8-CEB8-48F2-9E12-C259CD454C17}.DebugCC|Any CPU.Build.0 = Debug|Any CPU
		{9937ADF8-CEB8-48F2-9E12-C259CD454C17}.Release|Any CPU.ActiveCfg = Release|Any CPU
		{9937ADF8-CEB8-48F2-9E12-C259CD454C17}.Release|Any CPU.Build.0 = Release|Any CPU
		{E0048487-3E7F-4036-BC50-508AF4C321E2}.Benchmark|Any CPU.ActiveCfg = Release|Any CPU
		{E0048487-3E7F-4036-BC50-508AF4C321E2}.Benchmark|Any CPU.Build.0 = Release|Any CPU
		{E0048487-3E7F-4036-BC50-508AF4C321E2}.Debug|Any CPU.ActiveCfg = Debug|Any CPU
		{E0048487-3E7F-4036-BC50-508AF4C321E2}.Debug|Any CPU.Build.0 = Debug|Any CPU
		{E0048487-3E7F-4036-BC50-508AF4C321E2}.DebugCC|Any CPU.ActiveCfg = Debug|Any CPU
		{E0048487-3E7F-4036-BC50-508AF4C321E2}.DebugCC|Any CPU.Build.0 = Debug|Any CPU
		{E0048487-3E7F-4036-BC50-508AF4C321E2}.Release|Any CPU.ActiveCfg = Release|Any CPU
		{E0048487-3E7F-4036-BC50-508AF4C321E2}.Release|Any CPU.Build.0 = Release|Any CPU
		{9D582BC4-D182-4373-A8D5-04607F4094B1}.Benchmark|Any CPU.ActiveCfg = Release|Any CPU
		{9D582BC4-D182-4373-A8D5-04607F4094B1}.Benchmark|Any CPU.Build.0 = Release|Any CPU
		{9D582BC4-D182-4373-A8D5-04607F4094B1}.Debug|Any CPU.ActiveCfg = Debug|Any CPU
		{9D582BC4-D182-4373-A8D5-04607F4094B1}.Debug|Any CPU.Build.0 = Debug|Any CPU
		{9D582BC4-D182-4373-A8D5-04607F4094B1}.DebugCC|Any CPU.ActiveCfg = Debug|Any CPU
		{9D582BC4-D182-4373-A8D5-04607F4094B1}.DebugCC|Any CPU.Build.0 = Debug|Any CPU
		{9D582BC4-D182-4373-A8D5-04607F4094B1}.Release|Any CPU.ActiveCfg = Release|Any CPU
		{9D582BC4-D182-4373-A8D5-04607F4094B1}.Release|Any CPU.Build.0 = Release|Any CPU
		{2C83D314-3C3F-470B-A4CC-B6E3E1F48EA2}.Benchmark|Any CPU.ActiveCfg = Release|Any CPU
		{2C83D314-3C3F-470B-A4CC-B6E3E1F48EA2}.Benchmark|Any CPU.Build.0 = Release|Any CPU
		{2C83D314-3C3F-470B-A4CC-B6E3E1F48EA2}.Debug|Any CPU.ActiveCfg = Debug|Any CPU
		{2C83D314-3C3F-470B-A4CC-B6E3E1F48EA2}.Debug|Any CPU.Build.0 = Debug|Any CPU
		{2C83D314-3C3F-470B-A4CC-B6E3E1F48EA2}.DebugCC|Any CPU.ActiveCfg = Debug|Any CPU
		{2C83D314-3C3F-470B-A4CC-B6E3E1F48EA2}.DebugCC|Any CPU.Build.0 = Debug|Any CPU
		{2C83D314-3C3F-470B-A4CC-B6E3E1F48EA2}.Release|Any CPU.ActiveCfg = Release|Any CPU
		{2C83D314-3C3F-470B-A4CC-B6E3E1F48EA2}.Release|Any CPU.Build.0 = Release|Any CPU
		{B42A3B69-96F0-4091-A9B2-58FE5319E51A}.Benchmark|Any CPU.ActiveCfg = Release|Any CPU
		{B42A3B69-96F0-4091-A9B2-58FE5319E51A}.Benchmark|Any CPU.Build.0 = Release|Any CPU
		{B42A3B69-96F0-4091-A9B2-58FE5319E51A}.Debug|Any CPU.ActiveCfg = Debug|Any CPU
		{B42A3B69-96F0-4091-A9B2-58FE5319E51A}.Debug|Any CPU.Build.0 = Debug|Any CPU
		{B42A3B69-96F0-4091-A9B2-58FE5319E51A}.DebugCC|Any CPU.ActiveCfg = Debug|Any CPU
		{B42A3B69-96F0-4091-A9B2-58FE5319E51A}.DebugCC|Any CPU.Build.0 = Debug|Any CPU
		{B42A3B69-96F0-4091-A9B2-58FE5319E51A}.Release|Any CPU.ActiveCfg = Release|Any CPU
		{B42A3B69-96F0-4091-A9B2-58FE5319E51A}.Release|Any CPU.Build.0 = Release|Any CPU
		{8BD6A4E8-8E34-40E3-A828-7EF6C8A00FF2}.Benchmark|Any CPU.ActiveCfg = Release|Any CPU
		{8BD6A4E8-8E34-40E3-A828-7EF6C8A00FF2}.Benchmark|Any CPU.Build.0 = Release|Any CPU
		{8BD6A4E8-8E34-40E3-A828-7EF6C8A00FF2}.Debug|Any CPU.ActiveCfg = Debug|Any CPU
		{8BD6A4E8-8E34-40E3-A828-7EF6C8A00FF2}.Debug|Any CPU.Build.0 = Debug|Any CPU
		{8BD6A4E8-8E34-40E3-A828-7EF6C8A00FF2}.DebugCC|Any CPU.ActiveCfg = Debug|Any CPU
		{8BD6A4E8-8E34-40E3-A828-7EF6C8A00FF2}.DebugCC|Any CPU.Build.0 = Debug|Any CPU
		{8BD6A4E8-8E34-40E3-A828-7EF6C8A00FF2}.Release|Any CPU.ActiveCfg = Release|Any CPU
		{8BD6A4E8-8E34-40E3-A828-7EF6C8A00FF2}.Release|Any CPU.Build.0 = Release|Any CPU
		{181B01F7-8083-4AF5-B9EA-A3135C4D666D}.Benchmark|Any CPU.ActiveCfg = Debug|Any CPU
		{181B01F7-8083-4AF5-B9EA-A3135C4D666D}.Benchmark|Any CPU.Build.0 = Debug|Any CPU
		{181B01F7-8083-4AF5-B9EA-A3135C4D666D}.Debug|Any CPU.ActiveCfg = Debug|Any CPU
		{181B01F7-8083-4AF5-B9EA-A3135C4D666D}.Debug|Any CPU.Build.0 = Debug|Any CPU
		{181B01F7-8083-4AF5-B9EA-A3135C4D666D}.DebugCC|Any CPU.ActiveCfg = Debug|Any CPU
		{181B01F7-8083-4AF5-B9EA-A3135C4D666D}.DebugCC|Any CPU.Build.0 = Debug|Any CPU
		{181B01F7-8083-4AF5-B9EA-A3135C4D666D}.Release|Any CPU.ActiveCfg = Release|Any CPU
		{181B01F7-8083-4AF5-B9EA-A3135C4D666D}.Release|Any CPU.Build.0 = Release|Any CPU
	EndGlobalSection
	GlobalSection(SolutionProperties) = preSolution
		HideSolutionNode = FALSE
	EndGlobalSection
	GlobalSection(NestedProjects) = preSolution
		{05F3D999-0470-4123-8C80-AF4AC2385E7C} = {D3000AAC-E00A-4BEE-A407-080DC8C2CB9E}
		{11BB8977-33FE-4789-BD5B-D977B0BF5ECF} = {D3000AAC-E00A-4BEE-A407-080DC8C2CB9E}
		{190833B0-3E2E-4C89-9C29-BF577C02219B} = {D3000AAC-E00A-4BEE-A407-080DC8C2CB9E}
		{48C94F34-B6BD-4BDD-A0D5-36403A86FB78} = {D3000AAC-E00A-4BEE-A407-080DC8C2CB9E}
		{08D936E1-C097-4196-8128-C2493F8D7E47} = {D3000AAC-E00A-4BEE-A407-080DC8C2CB9E}
		{1D9EEE65-D035-4ACB-9F08-883A59331A6A} = {5F6DDEF7-43FC-4A0C-8471-C61F2FAF00CF}
		{55897753-F4B5-48D1-8A01-20D54AFDE7DD} = {5F6DDEF7-43FC-4A0C-8471-C61F2FAF00CF}
		{965994BE-F908-4D34-AF07-F8A6B527FFB7} = {5F6DDEF7-43FC-4A0C-8471-C61F2FAF00CF}
		{1DE9B06C-24A1-497D-BFA9-65EB9E361C71} = {5F6DDEF7-43FC-4A0C-8471-C61F2FAF00CF}
		{40A8F55C-97BC-4652-A60E-9F4EA5D49FDA} = {5F6DDEF7-43FC-4A0C-8471-C61F2FAF00CF}
		{CA6D86A9-F12E-45D4-A878-57F2714A0A51} = {5F6DDEF7-43FC-4A0C-8471-C61F2FAF00CF}
		{0F72000C-A997-471F-A353-5988828A5255} = {5F6DDEF7-43FC-4A0C-8471-C61F2FAF00CF}
		{5F2C2514-10B0-4B5B-B227-EDD406377396} = {5F6DDEF7-43FC-4A0C-8471-C61F2FAF00CF}
		{D5FD21BD-9D1F-4129-B3DD-FCDC0AFD0830} = {5F6DDEF7-43FC-4A0C-8471-C61F2FAF00CF}
		{7376BF02-3192-479B-82E8-EC0B15DA55C1} = {5F6DDEF7-43FC-4A0C-8471-C61F2FAF00CF}
		{8991E557-F908-4FF4-9A3E-299869076887} = {5F6DDEF7-43FC-4A0C-8471-C61F2FAF00CF}
		{9937ADF8-CEB8-48F2-9E12-C259CD454C17} = {5F6DDEF7-43FC-4A0C-8471-C61F2FAF00CF}
		{E0048487-3E7F-4036-BC50-508AF4C321E2} = {5F6DDEF7-43FC-4A0C-8471-C61F2FAF00CF}
		{5F6DDEF7-43FC-4A0C-8471-C61F2FAF00CF} = {D3000AAC-E00A-4BEE-A407-080DC8C2CB9E}
		{9D582BC4-D182-4373-A8D5-04607F4094B1} = {5F6DDEF7-43FC-4A0C-8471-C61F2FAF00CF}
		{2C83D314-3C3F-470B-A4CC-B6E3E1F48EA2} = {5F6DDEF7-43FC-4A0C-8471-C61F2FAF00CF}
		{B42A3B69-96F0-4091-A9B2-58FE5319E51A} = {5F6DDEF7-43FC-4A0C-8471-C61F2FAF00CF}
		{8BD6A4E8-8E34-40E3-A828-7EF6C8A00FF2} = {5F6DDEF7-43FC-4A0C-8471-C61F2FAF00CF}
		{181B01F7-8083-4AF5-B9EA-A3135C4D666D} = {5F6DDEF7-43FC-4A0C-8471-C61F2FAF00CF}
	EndGlobalSection
	GlobalSection(ExtensibilityGlobals) = postSolution
		SolutionGuid = {374681E3-2248-41BA-BAB4-8A483958BF35}
	EndGlobalSection
EndGlobal
