
Microsoft Visual Studio Solution File, Format Version 12.00
# Visual Studio 2013
VisualStudioVersion = 12.0.31101.0
MinimumVisualStudioVersion = 10.0.40219.1
Project("{2150E333-8FDC-42A3-9474-1A3956D46DE8}") = "Testing", "Testing", "{54B8834B-AC3C-40BA-8134-D2C20341CFC1}"
EndProject
Project("{2150E333-8FDC-42A3-9474-1A3956D46DE8}") = "src", "src", "{EE1E597D-4EFF-427C-8DBD-D035605DA8A2}"
EndProject
Project("{FAE04EC0-301F-11D3-BF4B-00C04F79EFBC}") = "GW2NET.Tests", "Testing\GW2.NET.Tests\GW2NET.Tests.csproj", "{D138871F-94ED-4BB0-999A-2ACD3732DF30}"
EndProject
Project("{2150E333-8FDC-42A3-9474-1A3956D46DE8}") = ".nuget", ".nuget", "{097EE8E8-ABC4-4033-B184-C9B708827ABE}"
	ProjectSection(SolutionItems) = preProject
		.nuget\NuGet.Config = .nuget\NuGet.Config
	EndProjectSection
EndProject
Project("{FAE04EC0-301F-11D3-BF4B-00C04F79EFBC}") = "GW2NET.Core", "src\GW2NET.Core\GW2NET.Core.csproj", "{05F3D999-0470-4123-8C80-AF4AC2385E7C}"
EndProject
Project("{FAE04EC0-301F-11D3-BF4B-00C04F79EFBC}") = "GW2NET.Newtonsoft", "src\GW2NET.Newtonsoft\GW2NET.Newtonsoft.csproj", "{11BB8977-33FE-4789-BD5B-D977B0BF5ECF}"
EndProject
Project("{FAE04EC0-301F-11D3-BF4B-00C04F79EFBC}") = "GW2NET.MumbleLink", "src\GW2NET.MumbleLink\GW2NET.MumbleLink.csproj", "{190833B0-3E2E-4C89-9C29-BF577C02219B}"
EndProject
Project("{FAE04EC0-301F-11D3-BF4B-00C04F79EFBC}") = "GW2NET", "src\GW2NET\GW2NET.csproj", "{48C94F34-B6BD-4BDD-A0D5-36403A86FB78}"
EndProject
Project("{FAE04EC0-301F-11D3-BF4B-00C04F79EFBC}") = "GW2NET.Compression", "src\GW2NET.Compression\GW2NET.Compression.csproj", "{08D936E1-C097-4196-8128-C2493F8D7E47}"
EndProject
Project("{FAE04EC0-301F-11D3-BF4B-00C04F79EFBC}") = "GW2NET.V1.Builds", "src\GW2NET.V1.Builds\GW2NET.V1.Builds.csproj", "{CA0DA927-B8F4-4097-A7CD-A0014E0B233A}"
EndProject
Project("{FAE04EC0-301F-11D3-BF4B-00C04F79EFBC}") = "GW2NET.V1.Colors", "src\GW2NET.V1.Colors\GW2NET.V1.Colors.csproj", "{B6A516FF-684D-4E5D-9C9E-851718332A39}"
EndProject
Project("{FAE04EC0-301F-11D3-BF4B-00C04F79EFBC}") = "GW2NET.V1.Continents", "src\GW2NET.V1.Continents\GW2NET.V1.Continents.csproj", "{489AAA0E-7EF9-4423-843A-FA3A11BEE156}"
EndProject
Project("{FAE04EC0-301F-11D3-BF4B-00C04F79EFBC}") = "GW2NET.V1.Events", "src\GW2NET.V1.Events\GW2NET.V1.Events.csproj", "{C7624CD0-F810-469F-B5CF-11715AFC41D2}"
EndProject
Project("{FAE04EC0-301F-11D3-BF4B-00C04F79EFBC}") = "GW2NET.V1.Floors", "src\GW2NET.V1.Floors\GW2NET.V1.Floors.csproj", "{A5AD09EB-690C-4ADC-8AF0-F0ACFAAE2F8F}"
EndProject
Project("{FAE04EC0-301F-11D3-BF4B-00C04F79EFBC}") = "GW2NET.V1.Guilds", "src\GW2NET.V1.Guilds\GW2NET.V1.Guilds.csproj", "{48DBEC9E-C97B-412E-AD3A-03658F76CDFC}"
EndProject
Project("{FAE04EC0-301F-11D3-BF4B-00C04F79EFBC}") = "GW2NET.V1.Items", "src\GW2NET.V1.Items\GW2NET.V1.Items.csproj", "{D408E5B0-40F7-4262-8D8A-B30BB2DE1E93}"
EndProject
Project("{FAE04EC0-301F-11D3-BF4B-00C04F79EFBC}") = "GW2NET.V1.Maps", "src\GW2NET.V1.Maps\GW2NET.V1.Maps.csproj", "{19481B9A-67F2-4BEC-824E-731C7238D7E4}"
EndProject
Project("{FAE04EC0-301F-11D3-BF4B-00C04F79EFBC}") = "GW2NET.V1.Recipes", "src\GW2NET.V1.Recipes\GW2NET.V1.Recipes.csproj", "{B476C1EF-2FB8-4590-A5E3-CCA93D079B21}"
EndProject
Project("{FAE04EC0-301F-11D3-BF4B-00C04F79EFBC}") = "GW2NET.V1.Skins", "src\GW2NET.V1.Skins\GW2NET.V1.Skins.csproj", "{0AC8E33C-64B8-496B-A202-924375AF0D39}"
EndProject
Project("{FAE04EC0-301F-11D3-BF4B-00C04F79EFBC}") = "GW2NET.V1.Worlds", "src\GW2NET.V1.Worlds\GW2NET.V1.Worlds.csproj", "{F3E6F8E8-2767-4A99-BAD4-20B7D0EDCD96}"
EndProject
Project("{FAE04EC0-301F-11D3-BF4B-00C04F79EFBC}") = "GW2NET.V1.WorldVersusWorld.Matches", "src\GW2NET.V1.WorldVersusWorld.Matches\GW2NET.V1.WorldVersusWorld.Matches.csproj", "{D53AE2CA-1A84-4707-8099-B6003FFAC46E}"
EndProject
Project("{FAE04EC0-301F-11D3-BF4B-00C04F79EFBC}") = "GW2NET.V1.WorldVersusWorld.Objectives", "src\GW2NET.V1.WorldVersusWorld.Objectives\GW2NET.V1.WorldVersusWorld.Objectives.csproj", "{926E82EC-49D0-43F2-8214-E06408619676}"
EndProject
Project("{FAE04EC0-301F-11D3-BF4B-00C04F79EFBC}") = "GW2NET.V1.Files", "src\GW2NET.V1.Files\GW2NET.V1.Files.csproj", "{25E6A850-D86E-4F4D-B824-4AB8338A0AF9}"
EndProject
Project("{FAE04EC0-301F-11D3-BF4B-00C04F79EFBC}") = "GW2NET.V2.Worlds", "src\GW2NET.V2.Worlds\GW2NET.V2.Worlds.csproj", "{1D9EEE65-D035-4ACB-9F08-883A59331A6A}"
EndProject
Project("{FAE04EC0-301F-11D3-BF4B-00C04F79EFBC}") = "GW2NET.V2.Recipes", "src\GW2NET.V2.Recipes\GW2NET.V2.Recipes.csproj", "{55897753-F4B5-48D1-8A01-20D54AFDE7DD}"
EndProject
Project("{FAE04EC0-301F-11D3-BF4B-00C04F79EFBC}") = "GW2NET.V2.Items", "src\GW2NET.V2.Items\GW2NET.V2.Items.csproj", "{965994BE-F908-4D34-AF07-F8A6B527FFB7}"
EndProject
Project("{FAE04EC0-301F-11D3-BF4B-00C04F79EFBC}") = "GW2NET.V2.Quaggans", "src\GW2NET.V2.Quaggans\GW2NET.V2.Quaggans.csproj", "{1DE9B06C-24A1-497D-BFA9-65EB9E361C71}"
EndProject
Project("{FAE04EC0-301F-11D3-BF4B-00C04F79EFBC}") = "GW2NET.V2.Commerce.Exchange", "src\GW2NET.V2.Commerce.Exchange\GW2NET.V2.Commerce.Exchange.csproj", "{40A8F55C-97BC-4652-A60E-9F4EA5D49FDA}"
EndProject
Project("{FAE04EC0-301F-11D3-BF4B-00C04F79EFBC}") = "GW2NET.V2.Commerce.Listings", "src\GW2NET.V2.Commerce.Listings\GW2NET.V2.Commerce.Listings.csproj", "{CA6D86A9-F12E-45D4-A878-57F2714A0A51}"
EndProject
Project("{FAE04EC0-301F-11D3-BF4B-00C04F79EFBC}") = "GW2NET.V2.Commerce.Prices", "src\GW2NET.V2.Commerce.Prices\GW2NET.V2.Commerce.Prices.csproj", "{0F72000C-A997-471F-A353-5988828A5255}"
EndProject
Project("{FAE04EC0-301F-11D3-BF4B-00C04F79EFBC}") = "GW2NET.V2.Builds", "src\GW2NET.V2.Builds\GW2NET.V2.Builds.csproj", "{5F2C2514-10B0-4B5B-B227-EDD406377396}"
EndProject
Project("{FAE04EC0-301F-11D3-BF4B-00C04F79EFBC}") = "GW2NET.V2.Colors", "src\GW2NET.V2.Colors\GW2NET.V2.Colors.csproj", "{D5FD21BD-9D1F-4129-B3DD-FCDC0AFD0830}"
EndProject
Project("{FAE04EC0-301F-11D3-BF4B-00C04F79EFBC}") = "GW2NET.V2.Files", "src\GW2NET.V2.Files\GW2NET.V2.Files.csproj", "{7376BF02-3192-479B-82E8-EC0B15DA55C1}"
EndProject
Project("{FAE04EC0-301F-11D3-BF4B-00C04F79EFBC}") = "GW2NET.V2.Continents", "src\GW2NET.V2.Continents\GW2NET.V2.Continents.csproj", "{8991E557-F908-4FF4-9A3E-299869076887}"
EndProject
Project("{FAE04EC0-301F-11D3-BF4B-00C04F79EFBC}") = "GW2NET.V2.Skins", "src\GW2NET.V2.Skins\GW2NET.V2.Skins.csproj", "{9937ADF8-CEB8-48F2-9E12-C259CD454C17}"
EndProject
Project("{FAE04EC0-301F-11D3-BF4B-00C04F79EFBC}") = "GW2NET.V2.Maps", "src\GW2NET.V2.Maps\GW2NET.V2.Maps.csproj", "{E0048487-3E7F-4036-BC50-508AF4C321E2}"
EndProject
Project("{FAE04EC0-301F-11D3-BF4B-00C04F79EFBC}") = "GW2NET.MumbleLink.Tests", "src\GW2NET.MumbleLink.Tests\GW2NET.MumbleLink.Tests.csproj", "{FC0BDFF8-D50B-44B7-8493-FB87B74F54B8}"
EndProject
Project("{FAE04EC0-301F-11D3-BF4B-00C04F79EFBC}") = "GW2NET.V1.Files.Tests", "src\GW2NET.V1.Files.Tests\GW2NET.V1.Files.Tests.csproj", "{F7105E24-7FDC-4F38-8F91-4F0C557BD12E}"
EndProject
Project("{FAE04EC0-301F-11D3-BF4B-00C04F79EFBC}") = "GW2NET.V2.Files.Tests", "src\GW2NET.V2.Files.Tests\GW2NET.V2.Files.Tests.csproj", "{2F7B458D-A71B-40B0-BDD2-8BB8E11BD1FC}"
EndProject
Global
	GlobalSection(SolutionConfigurationPlatforms) = preSolution
		Debug|Any CPU = Debug|Any CPU
		Release|Any CPU = Release|Any CPU
	EndGlobalSection
	GlobalSection(ProjectConfigurationPlatforms) = postSolution
		{D138871F-94ED-4BB0-999A-2ACD3732DF30}.Debug|Any CPU.ActiveCfg = Debug|Any CPU
		{D138871F-94ED-4BB0-999A-2ACD3732DF30}.Debug|Any CPU.Build.0 = Debug|Any CPU
		{D138871F-94ED-4BB0-999A-2ACD3732DF30}.Release|Any CPU.ActiveCfg = Release|Any CPU
		{05F3D999-0470-4123-8C80-AF4AC2385E7C}.Debug|Any CPU.ActiveCfg = Debug|Any CPU
		{05F3D999-0470-4123-8C80-AF4AC2385E7C}.Debug|Any CPU.Build.0 = Debug|Any CPU
		{05F3D999-0470-4123-8C80-AF4AC2385E7C}.Release|Any CPU.ActiveCfg = Release|Any CPU
		{05F3D999-0470-4123-8C80-AF4AC2385E7C}.Release|Any CPU.Build.0 = Release|Any CPU
		{11BB8977-33FE-4789-BD5B-D977B0BF5ECF}.Debug|Any CPU.ActiveCfg = Debug|Any CPU
		{11BB8977-33FE-4789-BD5B-D977B0BF5ECF}.Debug|Any CPU.Build.0 = Debug|Any CPU
		{11BB8977-33FE-4789-BD5B-D977B0BF5ECF}.Release|Any CPU.ActiveCfg = Release|Any CPU
		{11BB8977-33FE-4789-BD5B-D977B0BF5ECF}.Release|Any CPU.Build.0 = Release|Any CPU
		{190833B0-3E2E-4C89-9C29-BF577C02219B}.Debug|Any CPU.ActiveCfg = Debug|Any CPU
		{190833B0-3E2E-4C89-9C29-BF577C02219B}.Debug|Any CPU.Build.0 = Debug|Any CPU
		{190833B0-3E2E-4C89-9C29-BF577C02219B}.Release|Any CPU.ActiveCfg = Release|Any CPU
		{190833B0-3E2E-4C89-9C29-BF577C02219B}.Release|Any CPU.Build.0 = Release|Any CPU
		{48C94F34-B6BD-4BDD-A0D5-36403A86FB78}.Debug|Any CPU.ActiveCfg = Debug|Any CPU
		{48C94F34-B6BD-4BDD-A0D5-36403A86FB78}.Debug|Any CPU.Build.0 = Debug|Any CPU
		{48C94F34-B6BD-4BDD-A0D5-36403A86FB78}.Release|Any CPU.ActiveCfg = Release|Any CPU
		{48C94F34-B6BD-4BDD-A0D5-36403A86FB78}.Release|Any CPU.Build.0 = Release|Any CPU
		{08D936E1-C097-4196-8128-C2493F8D7E47}.Debug|Any CPU.ActiveCfg = Debug|Any CPU
		{08D936E1-C097-4196-8128-C2493F8D7E47}.Debug|Any CPU.Build.0 = Debug|Any CPU
		{08D936E1-C097-4196-8128-C2493F8D7E47}.Release|Any CPU.ActiveCfg = Release|Any CPU
		{08D936E1-C097-4196-8128-C2493F8D7E47}.Release|Any CPU.Build.0 = Release|Any CPU
		{CA0DA927-B8F4-4097-A7CD-A0014E0B233A}.Debug|Any CPU.ActiveCfg = Debug|Any CPU
		{CA0DA927-B8F4-4097-A7CD-A0014E0B233A}.Debug|Any CPU.Build.0 = Debug|Any CPU
		{CA0DA927-B8F4-4097-A7CD-A0014E0B233A}.Release|Any CPU.ActiveCfg = Release|Any CPU
		{CA0DA927-B8F4-4097-A7CD-A0014E0B233A}.Release|Any CPU.Build.0 = Release|Any CPU
		{B6A516FF-684D-4E5D-9C9E-851718332A39}.Debug|Any CPU.ActiveCfg = Debug|Any CPU
		{B6A516FF-684D-4E5D-9C9E-851718332A39}.Debug|Any CPU.Build.0 = Debug|Any CPU
		{B6A516FF-684D-4E5D-9C9E-851718332A39}.Release|Any CPU.ActiveCfg = Release|Any CPU
		{B6A516FF-684D-4E5D-9C9E-851718332A39}.Release|Any CPU.Build.0 = Release|Any CPU
		{489AAA0E-7EF9-4423-843A-FA3A11BEE156}.Debug|Any CPU.ActiveCfg = Debug|Any CPU
		{489AAA0E-7EF9-4423-843A-FA3A11BEE156}.Debug|Any CPU.Build.0 = Debug|Any CPU
		{489AAA0E-7EF9-4423-843A-FA3A11BEE156}.Release|Any CPU.ActiveCfg = Release|Any CPU
		{489AAA0E-7EF9-4423-843A-FA3A11BEE156}.Release|Any CPU.Build.0 = Release|Any CPU
		{C7624CD0-F810-469F-B5CF-11715AFC41D2}.Debug|Any CPU.ActiveCfg = Debug|Any CPU
		{C7624CD0-F810-469F-B5CF-11715AFC41D2}.Debug|Any CPU.Build.0 = Debug|Any CPU
		{C7624CD0-F810-469F-B5CF-11715AFC41D2}.Release|Any CPU.ActiveCfg = Release|Any CPU
		{C7624CD0-F810-469F-B5CF-11715AFC41D2}.Release|Any CPU.Build.0 = Release|Any CPU
		{A5AD09EB-690C-4ADC-8AF0-F0ACFAAE2F8F}.Debug|Any CPU.ActiveCfg = Debug|Any CPU
		{A5AD09EB-690C-4ADC-8AF0-F0ACFAAE2F8F}.Debug|Any CPU.Build.0 = Debug|Any CPU
		{A5AD09EB-690C-4ADC-8AF0-F0ACFAAE2F8F}.Release|Any CPU.ActiveCfg = Release|Any CPU
		{A5AD09EB-690C-4ADC-8AF0-F0ACFAAE2F8F}.Release|Any CPU.Build.0 = Release|Any CPU
		{48DBEC9E-C97B-412E-AD3A-03658F76CDFC}.Debug|Any CPU.ActiveCfg = Debug|Any CPU
		{48DBEC9E-C97B-412E-AD3A-03658F76CDFC}.Debug|Any CPU.Build.0 = Debug|Any CPU
		{48DBEC9E-C97B-412E-AD3A-03658F76CDFC}.Release|Any CPU.ActiveCfg = Release|Any CPU
		{48DBEC9E-C97B-412E-AD3A-03658F76CDFC}.Release|Any CPU.Build.0 = Release|Any CPU
		{D408E5B0-40F7-4262-8D8A-B30BB2DE1E93}.Debug|Any CPU.ActiveCfg = Debug|Any CPU
		{D408E5B0-40F7-4262-8D8A-B30BB2DE1E93}.Debug|Any CPU.Build.0 = Debug|Any CPU
		{D408E5B0-40F7-4262-8D8A-B30BB2DE1E93}.Release|Any CPU.ActiveCfg = Release|Any CPU
		{D408E5B0-40F7-4262-8D8A-B30BB2DE1E93}.Release|Any CPU.Build.0 = Release|Any CPU
		{19481B9A-67F2-4BEC-824E-731C7238D7E4}.Debug|Any CPU.ActiveCfg = Debug|Any CPU
		{19481B9A-67F2-4BEC-824E-731C7238D7E4}.Debug|Any CPU.Build.0 = Debug|Any CPU
		{19481B9A-67F2-4BEC-824E-731C7238D7E4}.Release|Any CPU.ActiveCfg = Release|Any CPU
		{19481B9A-67F2-4BEC-824E-731C7238D7E4}.Release|Any CPU.Build.0 = Release|Any CPU
		{B476C1EF-2FB8-4590-A5E3-CCA93D079B21}.Debug|Any CPU.ActiveCfg = Debug|Any CPU
		{B476C1EF-2FB8-4590-A5E3-CCA93D079B21}.Debug|Any CPU.Build.0 = Debug|Any CPU
		{B476C1EF-2FB8-4590-A5E3-CCA93D079B21}.Release|Any CPU.ActiveCfg = Release|Any CPU
		{B476C1EF-2FB8-4590-A5E3-CCA93D079B21}.Release|Any CPU.Build.0 = Release|Any CPU
		{0AC8E33C-64B8-496B-A202-924375AF0D39}.Debug|Any CPU.ActiveCfg = Debug|Any CPU
		{0AC8E33C-64B8-496B-A202-924375AF0D39}.Debug|Any CPU.Build.0 = Debug|Any CPU
		{0AC8E33C-64B8-496B-A202-924375AF0D39}.Release|Any CPU.ActiveCfg = Release|Any CPU
		{0AC8E33C-64B8-496B-A202-924375AF0D39}.Release|Any CPU.Build.0 = Release|Any CPU
		{F3E6F8E8-2767-4A99-BAD4-20B7D0EDCD96}.Debug|Any CPU.ActiveCfg = Debug|Any CPU
		{F3E6F8E8-2767-4A99-BAD4-20B7D0EDCD96}.Debug|Any CPU.Build.0 = Debug|Any CPU
		{F3E6F8E8-2767-4A99-BAD4-20B7D0EDCD96}.Release|Any CPU.ActiveCfg = Release|Any CPU
		{F3E6F8E8-2767-4A99-BAD4-20B7D0EDCD96}.Release|Any CPU.Build.0 = Release|Any CPU
		{D53AE2CA-1A84-4707-8099-B6003FFAC46E}.Debug|Any CPU.ActiveCfg = Debug|Any CPU
		{D53AE2CA-1A84-4707-8099-B6003FFAC46E}.Debug|Any CPU.Build.0 = Debug|Any CPU
		{D53AE2CA-1A84-4707-8099-B6003FFAC46E}.Release|Any CPU.ActiveCfg = Release|Any CPU
		{D53AE2CA-1A84-4707-8099-B6003FFAC46E}.Release|Any CPU.Build.0 = Release|Any CPU
		{926E82EC-49D0-43F2-8214-E06408619676}.Debug|Any CPU.ActiveCfg = Debug|Any CPU
		{926E82EC-49D0-43F2-8214-E06408619676}.Debug|Any CPU.Build.0 = Debug|Any CPU
		{926E82EC-49D0-43F2-8214-E06408619676}.Release|Any CPU.ActiveCfg = Release|Any CPU
		{926E82EC-49D0-43F2-8214-E06408619676}.Release|Any CPU.Build.0 = Release|Any CPU
		{25E6A850-D86E-4F4D-B824-4AB8338A0AF9}.Debug|Any CPU.ActiveCfg = Debug|Any CPU
		{25E6A850-D86E-4F4D-B824-4AB8338A0AF9}.Debug|Any CPU.Build.0 = Debug|Any CPU
		{25E6A850-D86E-4F4D-B824-4AB8338A0AF9}.Release|Any CPU.ActiveCfg = Release|Any CPU
		{25E6A850-D86E-4F4D-B824-4AB8338A0AF9}.Release|Any CPU.Build.0 = Release|Any CPU
		{1D9EEE65-D035-4ACB-9F08-883A59331A6A}.Debug|Any CPU.ActiveCfg = Debug|Any CPU
		{1D9EEE65-D035-4ACB-9F08-883A59331A6A}.Debug|Any CPU.Build.0 = Debug|Any CPU
		{1D9EEE65-D035-4ACB-9F08-883A59331A6A}.Release|Any CPU.ActiveCfg = Release|Any CPU
		{1D9EEE65-D035-4ACB-9F08-883A59331A6A}.Release|Any CPU.Build.0 = Release|Any CPU
		{55897753-F4B5-48D1-8A01-20D54AFDE7DD}.Debug|Any CPU.ActiveCfg = Debug|Any CPU
		{55897753-F4B5-48D1-8A01-20D54AFDE7DD}.Debug|Any CPU.Build.0 = Debug|Any CPU
		{55897753-F4B5-48D1-8A01-20D54AFDE7DD}.Release|Any CPU.ActiveCfg = Release|Any CPU
		{55897753-F4B5-48D1-8A01-20D54AFDE7DD}.Release|Any CPU.Build.0 = Release|Any CPU
		{965994BE-F908-4D34-AF07-F8A6B527FFB7}.Debug|Any CPU.ActiveCfg = Debug|Any CPU
		{965994BE-F908-4D34-AF07-F8A6B527FFB7}.Debug|Any CPU.Build.0 = Debug|Any CPU
		{965994BE-F908-4D34-AF07-F8A6B527FFB7}.Release|Any CPU.ActiveCfg = Release|Any CPU
		{965994BE-F908-4D34-AF07-F8A6B527FFB7}.Release|Any CPU.Build.0 = Release|Any CPU
		{1DE9B06C-24A1-497D-BFA9-65EB9E361C71}.Debug|Any CPU.ActiveCfg = Debug|Any CPU
		{1DE9B06C-24A1-497D-BFA9-65EB9E361C71}.Debug|Any CPU.Build.0 = Debug|Any CPU
		{1DE9B06C-24A1-497D-BFA9-65EB9E361C71}.Release|Any CPU.ActiveCfg = Release|Any CPU
		{1DE9B06C-24A1-497D-BFA9-65EB9E361C71}.Release|Any CPU.Build.0 = Release|Any CPU
		{40A8F55C-97BC-4652-A60E-9F4EA5D49FDA}.Debug|Any CPU.ActiveCfg = Debug|Any CPU
		{40A8F55C-97BC-4652-A60E-9F4EA5D49FDA}.Debug|Any CPU.Build.0 = Debug|Any CPU
		{40A8F55C-97BC-4652-A60E-9F4EA5D49FDA}.Release|Any CPU.ActiveCfg = Release|Any CPU
		{40A8F55C-97BC-4652-A60E-9F4EA5D49FDA}.Release|Any CPU.Build.0 = Release|Any CPU
		{CA6D86A9-F12E-45D4-A878-57F2714A0A51}.Debug|Any CPU.ActiveCfg = Debug|Any CPU
		{CA6D86A9-F12E-45D4-A878-57F2714A0A51}.Debug|Any CPU.Build.0 = Debug|Any CPU
		{CA6D86A9-F12E-45D4-A878-57F2714A0A51}.Release|Any CPU.ActiveCfg = Release|Any CPU
		{CA6D86A9-F12E-45D4-A878-57F2714A0A51}.Release|Any CPU.Build.0 = Release|Any CPU
		{0F72000C-A997-471F-A353-5988828A5255}.Debug|Any CPU.ActiveCfg = Debug|Any CPU
		{0F72000C-A997-471F-A353-5988828A5255}.Debug|Any CPU.Build.0 = Debug|Any CPU
		{0F72000C-A997-471F-A353-5988828A5255}.Release|Any CPU.ActiveCfg = Release|Any CPU
		{0F72000C-A997-471F-A353-5988828A5255}.Release|Any CPU.Build.0 = Release|Any CPU
		{5F2C2514-10B0-4B5B-B227-EDD406377396}.Debug|Any CPU.ActiveCfg = Debug|Any CPU
		{5F2C2514-10B0-4B5B-B227-EDD406377396}.Debug|Any CPU.Build.0 = Debug|Any CPU
		{5F2C2514-10B0-4B5B-B227-EDD406377396}.Release|Any CPU.ActiveCfg = Release|Any CPU
		{5F2C2514-10B0-4B5B-B227-EDD406377396}.Release|Any CPU.Build.0 = Release|Any CPU
		{D5FD21BD-9D1F-4129-B3DD-FCDC0AFD0830}.Debug|Any CPU.ActiveCfg = Debug|Any CPU
		{D5FD21BD-9D1F-4129-B3DD-FCDC0AFD0830}.Debug|Any CPU.Build.0 = Debug|Any CPU
		{D5FD21BD-9D1F-4129-B3DD-FCDC0AFD0830}.Release|Any CPU.ActiveCfg = Release|Any CPU
		{D5FD21BD-9D1F-4129-B3DD-FCDC0AFD0830}.Release|Any CPU.Build.0 = Release|Any CPU
		{7376BF02-3192-479B-82E8-EC0B15DA55C1}.Debug|Any CPU.ActiveCfg = Debug|Any CPU
		{7376BF02-3192-479B-82E8-EC0B15DA55C1}.Debug|Any CPU.Build.0 = Debug|Any CPU
		{7376BF02-3192-479B-82E8-EC0B15DA55C1}.Release|Any CPU.ActiveCfg = Release|Any CPU
		{7376BF02-3192-479B-82E8-EC0B15DA55C1}.Release|Any CPU.Build.0 = Release|Any CPU
		{8991E557-F908-4FF4-9A3E-299869076887}.Debug|Any CPU.ActiveCfg = Debug|Any CPU
		{8991E557-F908-4FF4-9A3E-299869076887}.Debug|Any CPU.Build.0 = Debug|Any CPU
		{8991E557-F908-4FF4-9A3E-299869076887}.Release|Any CPU.ActiveCfg = Release|Any CPU
		{8991E557-F908-4FF4-9A3E-299869076887}.Release|Any CPU.Build.0 = Release|Any CPU
		{9937ADF8-CEB8-48F2-9E12-C259CD454C17}.Debug|Any CPU.ActiveCfg = Debug|Any CPU
		{9937ADF8-CEB8-48F2-9E12-C259CD454C17}.Debug|Any CPU.Build.0 = Debug|Any CPU
		{9937ADF8-CEB8-48F2-9E12-C259CD454C17}.Release|Any CPU.ActiveCfg = Release|Any CPU
		{9937ADF8-CEB8-48F2-9E12-C259CD454C17}.Release|Any CPU.Build.0 = Release|Any CPU
		{E0048487-3E7F-4036-BC50-508AF4C321E2}.Debug|Any CPU.ActiveCfg = Debug|Any CPU
		{E0048487-3E7F-4036-BC50-508AF4C321E2}.Debug|Any CPU.Build.0 = Debug|Any CPU
		{E0048487-3E7F-4036-BC50-508AF4C321E2}.Release|Any CPU.ActiveCfg = Release|Any CPU
		{E0048487-3E7F-4036-BC50-508AF4C321E2}.Release|Any CPU.Build.0 = Release|Any CPU
		{FC0BDFF8-D50B-44B7-8493-FB87B74F54B8}.Debug|Any CPU.ActiveCfg = Debug|Any CPU
		{FC0BDFF8-D50B-44B7-8493-FB87B74F54B8}.Debug|Any CPU.Build.0 = Debug|Any CPU
		{FC0BDFF8-D50B-44B7-8493-FB87B74F54B8}.Release|Any CPU.ActiveCfg = Release|Any CPU
		{FC0BDFF8-D50B-44B7-8493-FB87B74F54B8}.Release|Any CPU.Build.0 = Release|Any CPU
		{F7105E24-7FDC-4F38-8F91-4F0C557BD12E}.Debug|Any CPU.ActiveCfg = Debug|Any CPU
		{F7105E24-7FDC-4F38-8F91-4F0C557BD12E}.Debug|Any CPU.Build.0 = Debug|Any CPU
		{F7105E24-7FDC-4F38-8F91-4F0C557BD12E}.Release|Any CPU.ActiveCfg = Release|Any CPU
		{F7105E24-7FDC-4F38-8F91-4F0C557BD12E}.Release|Any CPU.Build.0 = Release|Any CPU
		{2F7B458D-A71B-40B0-BDD2-8BB8E11BD1FC}.Debug|Any CPU.ActiveCfg = Debug|Any CPU
		{2F7B458D-A71B-40B0-BDD2-8BB8E11BD1FC}.Debug|Any CPU.Build.0 = Debug|Any CPU
		{2F7B458D-A71B-40B0-BDD2-8BB8E11BD1FC}.Release|Any CPU.ActiveCfg = Release|Any CPU
		{2F7B458D-A71B-40B0-BDD2-8BB8E11BD1FC}.Release|Any CPU.Build.0 = Release|Any CPU
	EndGlobalSection
	GlobalSection(SolutionProperties) = preSolution
		HideSolutionNode = FALSE
	EndGlobalSection
	GlobalSection(NestedProjects) = preSolution
		{D138871F-94ED-4BB0-999A-2ACD3732DF30} = {54B8834B-AC3C-40BA-8134-D2C20341CFC1}
		{05F3D999-0470-4123-8C80-AF4AC2385E7C} = {EE1E597D-4EFF-427C-8DBD-D035605DA8A2}
		{11BB8977-33FE-4789-BD5B-D977B0BF5ECF} = {EE1E597D-4EFF-427C-8DBD-D035605DA8A2}
		{190833B0-3E2E-4C89-9C29-BF577C02219B} = {EE1E597D-4EFF-427C-8DBD-D035605DA8A2}
		{48C94F34-B6BD-4BDD-A0D5-36403A86FB78} = {EE1E597D-4EFF-427C-8DBD-D035605DA8A2}
		{08D936E1-C097-4196-8128-C2493F8D7E47} = {EE1E597D-4EFF-427C-8DBD-D035605DA8A2}
		{CA0DA927-B8F4-4097-A7CD-A0014E0B233A} = {EE1E597D-4EFF-427C-8DBD-D035605DA8A2}
		{B6A516FF-684D-4E5D-9C9E-851718332A39} = {EE1E597D-4EFF-427C-8DBD-D035605DA8A2}
		{489AAA0E-7EF9-4423-843A-FA3A11BEE156} = {EE1E597D-4EFF-427C-8DBD-D035605DA8A2}
		{C7624CD0-F810-469F-B5CF-11715AFC41D2} = {EE1E597D-4EFF-427C-8DBD-D035605DA8A2}
		{A5AD09EB-690C-4ADC-8AF0-F0ACFAAE2F8F} = {EE1E597D-4EFF-427C-8DBD-D035605DA8A2}
		{48DBEC9E-C97B-412E-AD3A-03658F76CDFC} = {EE1E597D-4EFF-427C-8DBD-D035605DA8A2}
		{D408E5B0-40F7-4262-8D8A-B30BB2DE1E93} = {EE1E597D-4EFF-427C-8DBD-D035605DA8A2}
		{19481B9A-67F2-4BEC-824E-731C7238D7E4} = {EE1E597D-4EFF-427C-8DBD-D035605DA8A2}
		{B476C1EF-2FB8-4590-A5E3-CCA93D079B21} = {EE1E597D-4EFF-427C-8DBD-D035605DA8A2}
		{0AC8E33C-64B8-496B-A202-924375AF0D39} = {EE1E597D-4EFF-427C-8DBD-D035605DA8A2}
		{F3E6F8E8-2767-4A99-BAD4-20B7D0EDCD96} = {EE1E597D-4EFF-427C-8DBD-D035605DA8A2}
		{D53AE2CA-1A84-4707-8099-B6003FFAC46E} = {EE1E597D-4EFF-427C-8DBD-D035605DA8A2}
		{926E82EC-49D0-43F2-8214-E06408619676} = {EE1E597D-4EFF-427C-8DBD-D035605DA8A2}
		{25E6A850-D86E-4F4D-B824-4AB8338A0AF9} = {EE1E597D-4EFF-427C-8DBD-D035605DA8A2}
		{1D9EEE65-D035-4ACB-9F08-883A59331A6A} = {EE1E597D-4EFF-427C-8DBD-D035605DA8A2}
		{55897753-F4B5-48D1-8A01-20D54AFDE7DD} = {EE1E597D-4EFF-427C-8DBD-D035605DA8A2}
		{965994BE-F908-4D34-AF07-F8A6B527FFB7} = {EE1E597D-4EFF-427C-8DBD-D035605DA8A2}
		{1DE9B06C-24A1-497D-BFA9-65EB9E361C71} = {EE1E597D-4EFF-427C-8DBD-D035605DA8A2}
		{40A8F55C-97BC-4652-A60E-9F4EA5D49FDA} = {EE1E597D-4EFF-427C-8DBD-D035605DA8A2}
		{CA6D86A9-F12E-45D4-A878-57F2714A0A51} = {EE1E597D-4EFF-427C-8DBD-D035605DA8A2}
		{0F72000C-A997-471F-A353-5988828A5255} = {EE1E597D-4EFF-427C-8DBD-D035605DA8A2}
		{5F2C2514-10B0-4B5B-B227-EDD406377396} = {EE1E597D-4EFF-427C-8DBD-D035605DA8A2}
		{D5FD21BD-9D1F-4129-B3DD-FCDC0AFD0830} = {EE1E597D-4EFF-427C-8DBD-D035605DA8A2}
		{7376BF02-3192-479B-82E8-EC0B15DA55C1} = {EE1E597D-4EFF-427C-8DBD-D035605DA8A2}
		{8991E557-F908-4FF4-9A3E-299869076887} = {EE1E597D-4EFF-427C-8DBD-D035605DA8A2}
		{9937ADF8-CEB8-48F2-9E12-C259CD454C17} = {EE1E597D-4EFF-427C-8DBD-D035605DA8A2}
		{E0048487-3E7F-4036-BC50-508AF4C321E2} = {EE1E597D-4EFF-427C-8DBD-D035605DA8A2}
		{FC0BDFF8-D50B-44B7-8493-FB87B74F54B8} = {EE1E597D-4EFF-427C-8DBD-D035605DA8A2}
		{F7105E24-7FDC-4F38-8F91-4F0C557BD12E} = {EE1E597D-4EFF-427C-8DBD-D035605DA8A2}
		{2F7B458D-A71B-40B0-BDD2-8BB8E11BD1FC} = {EE1E597D-4EFF-427C-8DBD-D035605DA8A2}
	EndGlobalSection
EndGlobal
