
Microsoft Visual Studio Solution File, Format Version 12.00
# Visual Studio 2013
VisualStudioVersion = 12.0.31101.0
MinimumVisualStudioVersion = 10.0.40219.1
Project("{2150E333-8FDC-42A3-9474-1A3956D46DE8}") = "Analysis", "Analysis", "{20A2C3F6-72DD-4153-BF59-681C8C9CE278}"
EndProject
Project("{2150E333-8FDC-42A3-9474-1A3956D46DE8}") = "Testing", "Testing", "{54B8834B-AC3C-40BA-8134-D2C20341CFC1}"
EndProject
Project("{2150E333-8FDC-42A3-9474-1A3956D46DE8}") = "Code", "Code", "{EE1E597D-4EFF-427C-8DBD-D035605DA8A2}"
EndProject
Project("{FAE04EC0-301F-11D3-BF4B-00C04F79EFBC}") = "GW2NET.Tests", "Testing\GW2.NET.Tests\GW2NET.Tests.csproj", "{D138871F-94ED-4BB0-999A-2ACD3732DF30}"
EndProject
Project("{F088123C-0E9E-452A-89E6-6BA2F21D5CAC}") = "GW2NET.Diagrams", "Analysis\GW2.NET.Diagrams\GW2NET.Diagrams.modelproj", "{6F803776-2787-45CA-9BE4-10FCB832FF28}"
EndProject
Project("{2150E333-8FDC-42A3-9474-1A3956D46DE8}") = ".nuget", ".nuget", "{097EE8E8-ABC4-4033-B184-C9B708827ABE}"
	ProjectSection(SolutionItems) = preProject
		.nuget\NuGet.Config = .nuget\NuGet.Config
	EndProjectSection
EndProject
Project("{2150E333-8FDC-42A3-9474-1A3956D46DE8}") = "Data", "Data", "{45A22909-25E3-4C6B-9C87-3F925BF7A17D}"
EndProject
Project("{00D1A9C2-B5F0-4AF3-8072-F6C62B433612}") = "GW2NET.Data", "Data\GW.NET.Data\GW2NET.Data.sqlproj", "{6D4BB059-82DE-44A3-9534-4CA61E022100}"
EndProject
Project("{FAE04EC0-301F-11D3-BF4B-00C04F79EFBC}") = "GW2NET.Core", "Code\GW2NET.Core\GW2NET.Core.csproj", "{05F3D999-0470-4123-8C80-AF4AC2385E7C}"
EndProject
Project("{FAE04EC0-301F-11D3-BF4B-00C04F79EFBC}") = "GW2NET.Newtonsoft", "Code\GW2NET.Newtonsoft\GW2NET.Newtonsoft.csproj", "{11BB8977-33FE-4789-BD5B-D977B0BF5ECF}"
EndProject
Project("{FAE04EC0-301F-11D3-BF4B-00C04F79EFBC}") = "GW2NET.MumbleLink", "Code\GW2NET.MumbleLink\GW2NET.MumbleLink.csproj", "{190833B0-3E2E-4C89-9C29-BF577C02219B}"
EndProject
Project("{FAE04EC0-301F-11D3-BF4B-00C04F79EFBC}") = "GW2NET.PowerShell", "Code\GW2NET.PowerShell\GW2NET.PowerShell.csproj", "{A42D9EAF-EAD9-4D0E-925B-F4496BC638E0}"
EndProject
Project("{2150E333-8FDC-42A3-9474-1A3956D46DE8}") = "portable-net45+netcore45+wpa81", "portable-net45+netcore45+wpa81", "{E6DD4FF3-E75A-46B1-B120-87BCBDA131C9}"
EndProject
Project("{FAE04EC0-301F-11D3-BF4B-00C04F79EFBC}") = "GW2NET", "Code\GW2NET\GW2NET.csproj", "{48C94F34-B6BD-4BDD-A0D5-36403A86FB78}"
EndProject
Project("{FAE04EC0-301F-11D3-BF4B-00C04F79EFBC}") = "GW2NET.Compression", "Code\GW2NET.Compression\GW2NET.Compression.csproj", "{08D936E1-C097-4196-8128-C2493F8D7E47}"
EndProject
Project("{2150E333-8FDC-42A3-9474-1A3956D46DE8}") = "net45", "net45", "{504B3117-41C4-4D9C-AF11-971119859D50}"
EndProject
Global
	GlobalSection(TeamFoundationVersionControl) = preSolution
		SccNumberOfProjects = 10
		SccEnterpriseProvider = {4CA58AB2-18FA-4F8D-95D4-32DDF27D184C}
		SccTeamFoundationServer = https://tfs.codeplex.com/tfs/tfs35
		SccLocalPath0 = .
		SccProjectUniqueName1 = Code\\GW2NET.MumbleLink\\GW2NET.MumbleLink.csproj
		SccProjectTopLevelParentUniqueName1 = GW2.NET.sln
		SccProjectName1 = Code/GW2NET.MumbleLink
		SccLocalPath1 = Code\\GW2NET.MumbleLink
		SccProjectUniqueName2 = Code\\GW2NET.Core\\GW2NET.Core.csproj
		SccProjectTopLevelParentUniqueName2 = GW2.NET.sln
		SccProjectName2 = Code/GW2NET.Core
		SccLocalPath2 = Code\\GW2NET.Core
		SccProjectUniqueName3 = Code\\GW2NET.Newtonsoft\\GW2NET.Newtonsoft.csproj
		SccProjectTopLevelParentUniqueName3 = GW2.NET.sln
		SccProjectName3 = Code/GW2NET.Newtonsoft
		SccLocalPath3 = Code\\GW2NET.Newtonsoft
		SccProjectUniqueName4 = Data\\GW.NET.Data\\GW2NET.Data.sqlproj
		SccProjectTopLevelParentUniqueName4 = GW2.NET.sln
		SccProjectName4 = Data/GW.NET.Data
		SccLocalPath4 = Data\\GW.NET.Data
		SccProjectUniqueName5 = Code\\GW2NET.PowerShell\\GW2NET.PowerShell.csproj
		SccProjectTopLevelParentUniqueName5 = GW2.NET.sln
		SccProjectName5 = Code/GW2NET.PowerShell
		SccLocalPath5 = Code\\GW2NET.PowerShell
		SccProjectUniqueName6 = Analysis\\GW2.NET.Diagrams\\GW2NET.Diagrams.modelproj
		SccProjectTopLevelParentUniqueName6 = GW2.NET.sln
		SccProjectName6 = Analysis/GW2.NET.Diagrams
		SccLocalPath6 = Analysis\\GW2.NET.Diagrams
		SccProjectUniqueName7 = Testing\\GW2.NET.Tests\\GW2NET.Tests.csproj
		SccProjectTopLevelParentUniqueName7 = GW2.NET.sln
		SccProjectName7 = Testing/GW2.NET.Tests
		SccLocalPath7 = Testing\\GW2.NET.Tests
		SccProjectUniqueName8 = Code\\GW2NET\\GW2NET.csproj
		SccProjectTopLevelParentUniqueName8 = GW2.NET.sln
		SccProjectName8 = Code/GW2NET
		SccLocalPath8 = Code\\GW2NET
		SccProjectUniqueName9 = Code\\GW2NET.Compression\\GW2NET.Compression.csproj
		SccProjectTopLevelParentUniqueName9 = GW2.NET.sln
		SccProjectName9 = Code/GW2NET.Compression
		SccLocalPath9 = Code\\GW2NET.Compression
	EndGlobalSection
	GlobalSection(SolutionConfigurationPlatforms) = preSolution
		Benchmark|Any CPU = Benchmark|Any CPU
		Debug|Any CPU = Debug|Any CPU
		DebugCC|Any CPU = DebugCC|Any CPU
		Release|Any CPU = Release|Any CPU
	EndGlobalSection
	GlobalSection(ProjectConfigurationPlatforms) = postSolution
		{D138871F-94ED-4BB0-999A-2ACD3732DF30}.Benchmark|Any CPU.ActiveCfg = Benchmark|Any CPU
		{D138871F-94ED-4BB0-999A-2ACD3732DF30}.Benchmark|Any CPU.Build.0 = Benchmark|Any CPU
		{D138871F-94ED-4BB0-999A-2ACD3732DF30}.Debug|Any CPU.ActiveCfg = Debug|Any CPU
		{D138871F-94ED-4BB0-999A-2ACD3732DF30}.Debug|Any CPU.Build.0 = Debug|Any CPU
		{D138871F-94ED-4BB0-999A-2ACD3732DF30}.DebugCC|Any CPU.ActiveCfg = DebugCC|Any CPU
		{D138871F-94ED-4BB0-999A-2ACD3732DF30}.DebugCC|Any CPU.Build.0 = DebugCC|Any CPU
		{D138871F-94ED-4BB0-999A-2ACD3732DF30}.Release|Any CPU.ActiveCfg = Release|Any CPU
		{6F803776-2787-45CA-9BE4-10FCB832FF28}.Benchmark|Any CPU.ActiveCfg = Benchmark|Any CPU
		{6F803776-2787-45CA-9BE4-10FCB832FF28}.Benchmark|Any CPU.Build.0 = Benchmark|Any CPU
		{6F803776-2787-45CA-9BE4-10FCB832FF28}.Debug|Any CPU.ActiveCfg = Debug|Any CPU
		{6F803776-2787-45CA-9BE4-10FCB832FF28}.Debug|Any CPU.Build.0 = Debug|Any CPU
		{6F803776-2787-45CA-9BE4-10FCB832FF28}.DebugCC|Any CPU.ActiveCfg = DebugCC|Any CPU
		{6F803776-2787-45CA-9BE4-10FCB832FF28}.DebugCC|Any CPU.Build.0 = DebugCC|Any CPU
		{6F803776-2787-45CA-9BE4-10FCB832FF28}.Release|Any CPU.ActiveCfg = Release|Any CPU
		{6F803776-2787-45CA-9BE4-10FCB832FF28}.Release|Any CPU.Build.0 = Release|Any CPU
		{6D4BB059-82DE-44A3-9534-4CA61E022100}.Benchmark|Any CPU.ActiveCfg = Debug|Any CPU
		{6D4BB059-82DE-44A3-9534-4CA61E022100}.Debug|Any CPU.ActiveCfg = Debug|Any CPU
		{6D4BB059-82DE-44A3-9534-4CA61E022100}.Debug|Any CPU.Build.0 = Debug|Any CPU
		{6D4BB059-82DE-44A3-9534-4CA61E022100}.Debug|Any CPU.Deploy.0 = Debug|Any CPU
		{6D4BB059-82DE-44A3-9534-4CA61E022100}.DebugCC|Any CPU.ActiveCfg = Debug|Any CPU
		{6D4BB059-82DE-44A3-9534-4CA61E022100}.Release|Any CPU.ActiveCfg = Release|Any CPU
		{6D4BB059-82DE-44A3-9534-4CA61E022100}.Release|Any CPU.Build.0 = Release|Any CPU
		{6D4BB059-82DE-44A3-9534-4CA61E022100}.Release|Any CPU.Deploy.0 = Release|Any CPU
		{05F3D999-0470-4123-8C80-AF4AC2385E7C}.Benchmark|Any CPU.ActiveCfg = Benchmark|Any CPU
		{05F3D999-0470-4123-8C80-AF4AC2385E7C}.Benchmark|Any CPU.Build.0 = Benchmark|Any CPU
		{05F3D999-0470-4123-8C80-AF4AC2385E7C}.Debug|Any CPU.ActiveCfg = Debug|Any CPU
		{05F3D999-0470-4123-8C80-AF4AC2385E7C}.Debug|Any CPU.Build.0 = Debug|Any CPU
		{05F3D999-0470-4123-8C80-AF4AC2385E7C}.DebugCC|Any CPU.ActiveCfg = DebugCC|Any CPU
		{05F3D999-0470-4123-8C80-AF4AC2385E7C}.DebugCC|Any CPU.Build.0 = DebugCC|Any CPU
		{05F3D999-0470-4123-8C80-AF4AC2385E7C}.Release|Any CPU.ActiveCfg = Release|Any CPU
		{05F3D999-0470-4123-8C80-AF4AC2385E7C}.Release|Any CPU.Build.0 = Release|Any CPU
		{11BB8977-33FE-4789-BD5B-D977B0BF5ECF}.Benchmark|Any CPU.ActiveCfg = Benchmark|Any CPU
		{11BB8977-33FE-4789-BD5B-D977B0BF5ECF}.Benchmark|Any CPU.Build.0 = Benchmark|Any CPU
		{11BB8977-33FE-4789-BD5B-D977B0BF5ECF}.Debug|Any CPU.ActiveCfg = Debug|Any CPU
		{11BB8977-33FE-4789-BD5B-D977B0BF5ECF}.Debug|Any CPU.Build.0 = Debug|Any CPU
		{11BB8977-33FE-4789-BD5B-D977B0BF5ECF}.DebugCC|Any CPU.ActiveCfg = DebugCC|Any CPU
		{11BB8977-33FE-4789-BD5B-D977B0BF5ECF}.DebugCC|Any CPU.Build.0 = DebugCC|Any CPU
		{11BB8977-33FE-4789-BD5B-D977B0BF5ECF}.Release|Any CPU.ActiveCfg = Release|Any CPU
		{11BB8977-33FE-4789-BD5B-D977B0BF5ECF}.Release|Any CPU.Build.0 = Release|Any CPU
		{190833B0-3E2E-4C89-9C29-BF577C02219B}.Benchmark|Any CPU.ActiveCfg = Release|Any CPU
		{190833B0-3E2E-4C89-9C29-BF577C02219B}.Benchmark|Any CPU.Build.0 = Release|Any CPU
		{190833B0-3E2E-4C89-9C29-BF577C02219B}.Debug|Any CPU.ActiveCfg = Debug|Any CPU
		{190833B0-3E2E-4C89-9C29-BF577C02219B}.Debug|Any CPU.Build.0 = Debug|Any CPU
		{190833B0-3E2E-4C89-9C29-BF577C02219B}.DebugCC|Any CPU.ActiveCfg = Debug|Any CPU
		{190833B0-3E2E-4C89-9C29-BF577C02219B}.DebugCC|Any CPU.Build.0 = Debug|Any CPU
		{190833B0-3E2E-4C89-9C29-BF577C02219B}.Release|Any CPU.ActiveCfg = Release|Any CPU
		{190833B0-3E2E-4C89-9C29-BF577C02219B}.Release|Any CPU.Build.0 = Release|Any CPU
		{A42D9EAF-EAD9-4D0E-925B-F4496BC638E0}.Benchmark|Any CPU.ActiveCfg = Benchmark|Any CPU
		{A42D9EAF-EAD9-4D0E-925B-F4496BC638E0}.Benchmark|Any CPU.Build.0 = Benchmark|Any CPU
		{A42D9EAF-EAD9-4D0E-925B-F4496BC638E0}.Debug|Any CPU.ActiveCfg = Debug|Any CPU
		{A42D9EAF-EAD9-4D0E-925B-F4496BC638E0}.Debug|Any CPU.Build.0 = Debug|Any CPU
		{A42D9EAF-EAD9-4D0E-925B-F4496BC638E0}.DebugCC|Any CPU.ActiveCfg = DebugCC|Any CPU
		{A42D9EAF-EAD9-4D0E-925B-F4496BC638E0}.DebugCC|Any CPU.Build.0 = DebugCC|Any CPU
		{A42D9EAF-EAD9-4D0E-925B-F4496BC638E0}.Release|Any CPU.ActiveCfg = Release|Any CPU
		{A42D9EAF-EAD9-4D0E-925B-F4496BC638E0}.Release|Any CPU.Build.0 = Release|Any CPU
		{48C94F34-B6BD-4BDD-A0D5-36403A86FB78}.Benchmark|Any CPU.ActiveCfg = Release|Any CPU
		{48C94F34-B6BD-4BDD-A0D5-36403A86FB78}.Benchmark|Any CPU.Build.0 = Release|Any CPU
		{48C94F34-B6BD-4BDD-A0D5-36403A86FB78}.Debug|Any CPU.ActiveCfg = Debug|Any CPU
		{48C94F34-B6BD-4BDD-A0D5-36403A86FB78}.Debug|Any CPU.Build.0 = Debug|Any CPU
		{48C94F34-B6BD-4BDD-A0D5-36403A86FB78}.DebugCC|Any CPU.ActiveCfg = Debug|Any CPU
		{48C94F34-B6BD-4BDD-A0D5-36403A86FB78}.DebugCC|Any CPU.Build.0 = Debug|Any CPU
		{48C94F34-B6BD-4BDD-A0D5-36403A86FB78}.Release|Any CPU.ActiveCfg = Release|Any CPU
		{48C94F34-B6BD-4BDD-A0D5-36403A86FB78}.Release|Any CPU.Build.0 = Release|Any CPU
		{08D936E1-C097-4196-8128-C2493F8D7E47}.Benchmark|Any CPU.ActiveCfg = Benchmark|Any CPU
		{08D936E1-C097-4196-8128-C2493F8D7E47}.Benchmark|Any CPU.Build.0 = Benchmark|Any CPU
		{08D936E1-C097-4196-8128-C2493F8D7E47}.Debug|Any CPU.ActiveCfg = Debug|Any CPU
		{08D936E1-C097-4196-8128-C2493F8D7E47}.Debug|Any CPU.Build.0 = Debug|Any CPU
		{08D936E1-C097-4196-8128-C2493F8D7E47}.DebugCC|Any CPU.ActiveCfg = DebugCC|Any CPU
		{08D936E1-C097-4196-8128-C2493F8D7E47}.DebugCC|Any CPU.Build.0 = DebugCC|Any CPU
		{08D936E1-C097-4196-8128-C2493F8D7E47}.Release|Any CPU.ActiveCfg = Release|Any CPU
		{08D936E1-C097-4196-8128-C2493F8D7E47}.Release|Any CPU.Build.0 = Release|Any CPU
	EndGlobalSection
	GlobalSection(SolutionProperties) = preSolution
		HideSolutionNode = FALSE
	EndGlobalSection
	GlobalSection(NestedProjects) = preSolution
		{D138871F-94ED-4BB0-999A-2ACD3732DF30} = {54B8834B-AC3C-40BA-8134-D2C20341CFC1}
		{6F803776-2787-45CA-9BE4-10FCB832FF28} = {20A2C3F6-72DD-4153-BF59-681C8C9CE278}
		{6D4BB059-82DE-44A3-9534-4CA61E022100} = {45A22909-25E3-4C6B-9C87-3F925BF7A17D}
		{05F3D999-0470-4123-8C80-AF4AC2385E7C} = {E6DD4FF3-E75A-46B1-B120-87BCBDA131C9}
		{11BB8977-33FE-4789-BD5B-D977B0BF5ECF} = {E6DD4FF3-E75A-46B1-B120-87BCBDA131C9}
		{190833B0-3E2E-4C89-9C29-BF577C02219B} = {504B3117-41C4-4D9C-AF11-971119859D50}
		{A42D9EAF-EAD9-4D0E-925B-F4496BC638E0} = {EE1E597D-4EFF-427C-8DBD-D035605DA8A2}
		{E6DD4FF3-E75A-46B1-B120-87BCBDA131C9} = {EE1E597D-4EFF-427C-8DBD-D035605DA8A2}
		{48C94F34-B6BD-4BDD-A0D5-36403A86FB78} = {E6DD4FF3-E75A-46B1-B120-87BCBDA131C9}
		{08D936E1-C097-4196-8128-C2493F8D7E47} = {E6DD4FF3-E75A-46B1-B120-87BCBDA131C9}
		{504B3117-41C4-4D9C-AF11-971119859D50} = {EE1E597D-4EFF-427C-8DBD-D035605DA8A2}
	EndGlobalSection
EndGlobal
